
Microsoft Visual Studio Solution File, Format Version 12.00
# Visual Studio Version 17
VisualStudioVersion = 17.10.34707.107
MinimumVisualStudioVersion = 10.0.40219.1
Project("{FAE04EC0-301F-11D3-BF4B-00C04F79EFBC}") = "FluentNHibernate-Demo", "FluentNHibernate-Demo\FluentNHibernate-Demo.csproj", "{FA8556F0-F58B-417F-BB1F-47F89A2B6332}"
EndProject
Global
	GlobalSection(SolutionConfigurationPlatforms) = preSolution
		Debug|Any CPU = Debug|Any CPU
		Release|Any CPU = Release|Any CPU
	EndGlobalSection
	GlobalSection(ProjectConfigurationPlatforms) = postSolution
		{FA8556F0-F58B-417F-BB1F-47F89A2B6332}.Debug|Any CPU.ActiveCfg = Debug|Any CPU
		{FA8556F0-F58B-417F-BB1F-47F89A2B6332}.Debug|Any CPU.Build.0 = Debug|Any CPU
		{FA8556F0-F58B-417F-BB1F-47F89A2B6332}.Release|Any CPU.ActiveCfg = Release|Any CPU
		{FA8556F0-F58B-417F-BB1F-47F89A2B6332}.Release|Any CPU.Build.0 = Release|Any CPU
	EndGlobalSection
	GlobalSection(SolutionProperties) = preSolution
		HideSolutionNode = FALSE
	EndGlobalSection
	GlobalSection(ExtensibilityGlobals) = postSolution
		SolutionGuid = {5DA52E13-17DF-4BE2-9819-187002C913E8}
	EndGlobalSection
EndGlobal
